
Microsoft Visual Studio Solution File, Format Version 12.00
# Visual Studio Version 17
VisualStudioVersion = 17.6.33829.357
MinimumVisualStudioVersion = 10.0.40219.1
Project("{FAE04EC0-301F-11D3-BF4B-00C04F79EFBC}") = "Entities", "Entities\Entities.csproj", "{513BB92F-0F10-46DF-BC32-DD8149858332}"
EndProject
Project("{FAE04EC0-301F-11D3-BF4B-00C04F79EFBC}") = "DataAccess", "DataAccess\DataAccess.csproj", "{004D1E17-8926-42E6-B7BA-444FB2D61CBB}"
EndProject
Project("{FAE04EC0-301F-11D3-BF4B-00C04F79EFBC}") = "Core", "Core\Core.csproj", "{313D7717-B4B2-49B5-A744-121F350840C5}"
EndProject
Project("{FAE04EC0-301F-11D3-BF4B-00C04F79EFBC}") = "Business", "Business\Business.csproj", "{C4D86C30-5911-460B-84AC-57C35243A327}"
EndProject
Project("{FAE04EC0-301F-11D3-BF4B-00C04F79EFBC}") = "WebAPI", "WebAPI\WebAPI.csproj", "{A11CD2FF-FCFA-450A-BE8C-67311AE666A8}"
EndProject
Global
	GlobalSection(SolutionConfigurationPlatforms) = preSolution
		Debug|Any CPU = Debug|Any CPU
		Release|Any CPU = Release|Any CPU
	EndGlobalSection
	GlobalSection(ProjectConfigurationPlatforms) = postSolution
		{513BB92F-0F10-46DF-BC32-DD8149858332}.Debug|Any CPU.ActiveCfg = Debug|Any CPU
		{513BB92F-0F10-46DF-BC32-DD8149858332}.Debug|Any CPU.Build.0 = Debug|Any CPU
		{513BB92F-0F10-46DF-BC32-DD8149858332}.Release|Any CPU.ActiveCfg = Release|Any CPU
		{513BB92F-0F10-46DF-BC32-DD8149858332}.Release|Any CPU.Build.0 = Release|Any CPU
		{004D1E17-8926-42E6-B7BA-444FB2D61CBB}.Debug|Any CPU.ActiveCfg = Debug|Any CPU
		{004D1E17-8926-42E6-B7BA-444FB2D61CBB}.Debug|Any CPU.Build.0 = Debug|Any CPU
		{004D1E17-8926-42E6-B7BA-444FB2D61CBB}.Release|Any CPU.ActiveCfg = Release|Any CPU
		{004D1E17-8926-42E6-B7BA-444FB2D61CBB}.Release|Any CPU.Build.0 = Release|Any CPU
		{313D7717-B4B2-49B5-A744-121F350840C5}.Debug|Any CPU.ActiveCfg = Debug|Any CPU
		{313D7717-B4B2-49B5-A744-121F350840C5}.Debug|Any CPU.Build.0 = Debug|Any CPU
		{313D7717-B4B2-49B5-A744-121F350840C5}.Release|Any CPU.ActiveCfg = Release|Any CPU
		{313D7717-B4B2-49B5-A744-121F350840C5}.Release|Any CPU.Build.0 = Release|Any CPU
		{C4D86C30-5911-460B-84AC-57C35243A327}.Debug|Any CPU.ActiveCfg = Debug|Any CPU
		{C4D86C30-5911-460B-84AC-57C35243A327}.Debug|Any CPU.Build.0 = Debug|Any CPU
		{C4D86C30-5911-460B-84AC-57C35243A327}.Release|Any CPU.ActiveCfg = Release|Any CPU
		{C4D86C30-5911-460B-84AC-57C35243A327}.Release|Any CPU.Build.0 = Release|Any CPU
		{A11CD2FF-FCFA-450A-BE8C-67311AE666A8}.Debug|Any CPU.ActiveCfg = Debug|Any CPU
		{A11CD2FF-FCFA-450A-BE8C-67311AE666A8}.Debug|Any CPU.Build.0 = Debug|Any CPU
		{A11CD2FF-FCFA-450A-BE8C-67311AE666A8}.Release|Any CPU.ActiveCfg = Release|Any CPU
		{A11CD2FF-FCFA-450A-BE8C-67311AE666A8}.Release|Any CPU.Build.0 = Release|Any CPU
	EndGlobalSection
	GlobalSection(SolutionProperties) = preSolution
		HideSolutionNode = FALSE
	EndGlobalSection
	GlobalSection(ExtensibilityGlobals) = postSolution
		SolutionGuid = {9CB6D2DC-CBF3-4934-B488-BC46AB64643A}
	EndGlobalSection
EndGlobal
